
Microsoft Visual Studio Solution File, Format Version 12.00
# Visual Studio Version 17
VisualStudioVersion = 17.0.32014.148
MinimumVisualStudioVersion = 10.0.40219.1
Project("{FAE04EC0-301F-11D3-BF4B-00C04F79EFBC}") = "Task_Arrays_ToMultiply_26.01.22", "Task_Arrays_ToMultiply_26.01.22\Task_Arrays_ToMultiply_26.01.22.csproj", "{5802AB62-629C-4033-8930-693D04FA054B}"
EndProject
Global
	GlobalSection(SolutionConfigurationPlatforms) = preSolution
		Debug|Any CPU = Debug|Any CPU
		Release|Any CPU = Release|Any CPU
	EndGlobalSection
	GlobalSection(ProjectConfigurationPlatforms) = postSolution
		{5802AB62-629C-4033-8930-693D04FA054B}.Debug|Any CPU.ActiveCfg = Debug|Any CPU
		{5802AB62-629C-4033-8930-693D04FA054B}.Debug|Any CPU.Build.0 = Debug|Any CPU
		{5802AB62-629C-4033-8930-693D04FA054B}.Release|Any CPU.ActiveCfg = Release|Any CPU
		{5802AB62-629C-4033-8930-693D04FA054B}.Release|Any CPU.Build.0 = Release|Any CPU
	EndGlobalSection
	GlobalSection(SolutionProperties) = preSolution
		HideSolutionNode = FALSE
	EndGlobalSection
	GlobalSection(ExtensibilityGlobals) = postSolution
		SolutionGuid = {1456DBD0-B652-46C9-95B1-B3D876CF8DDE}
	EndGlobalSection
EndGlobal
